<?xml version="1.0" encoding="utf-8"?>
<Project ToolsVersion="4.0" xmlns="http://schemas.microsoft.com/developer/msbuild/2003">
  <ItemGroup>
    <Filter Include="Source Files">
      <UniqueIdentifier>{4FC737F1-C7A5-4376-A066-2A32D752A2FF}</UniqueIdentifier>
      <Extensions>cpp;c;cc;cxx;c++;cppm;ixx;def;odl;idl;hpj;bat;asm;asmx</Extensions>
    </Filter>
    <Filter Include="Header Files">
      <UniqueIdentifier>{93995380-89BD-4b04-88EB-625FBE52EBFB}</UniqueIdentifier>
      <Extensions>h;hh;hpp;hxx;h++;hm;inl;inc;ipp;xsd</Extensions>
    </Filter>
    <Filter Include="Resource Files">
      <UniqueIdentifier>{67DA6AB6-F800-4c08-8B7A-83BB121AAD01}</UniqueIdentifier>
      <Extensions>rc;ico;cur;bmp;dlg;rc2;rct;bin;rgs;gif;jpg;jpeg;jpe;resx;tiff;tif;png;wav;mfcribbon-ms</Extensions>
    </Filter>
    <Filter Include="Source Files\imgui">
      <UniqueIdentifier>{e7746002-15c1-483c-8683-824cd061e144}</UniqueIdentifier>
    </Filter>
    <Filter Include="Header Files\src">
      <UniqueIdentifier>{c07a0263-302d-4c67-85a7-8b70b6298343}</UniqueIdentifier>
    </Filter>
    <Filter Include="Source Files\src">
      <UniqueIdentifier>{5ca6006b-b099-42f2-aca5-cbfac89e395f}</UniqueIdentifier>
    </Filter>
    <Filter Include="Source Files\Measurements">
      <UniqueIdentifier>{1acae4e6-ba1d-45be-a2e5-98a88c34baef}</UniqueIdentifier>
    </Filter>
    <Filter Include="Source Files\ImguiDisplay">
      <UniqueIdentifier>{446fd0a5-7cd6-48d7-8d2e-8f1b4cc607f0}</UniqueIdentifier>
    </Filter>
    <Filter Include="Header Files\Measurements">
      <UniqueIdentifier>{f01860f0-1b3b-4380-beb3-985ad54e4104}</UniqueIdentifier>
    </Filter>
    <Filter Include="Header Files\ImguiDisplay">
      <UniqueIdentifier>{bab52c2a-af8e-452a-a557-4ada01b6c950}</UniqueIdentifier>
    </Filter>
  </ItemGroup>
  <ItemGroup>
    <ClCompile Include="main.cpp">
      <Filter>Source Files</Filter>
    </ClCompile>
    <ClCompile Include="..\vendor\src\imgui\imgui.cpp">
      <Filter>Source Files\imgui</Filter>
    </ClCompile>
    <ClCompile Include="..\vendor\src\imgui\imgui_draw.cpp">
      <Filter>Source Files\imgui</Filter>
    </ClCompile>
    <ClCompile Include="..\vendor\src\imgui\imgui_tables.cpp">
      <Filter>Source Files\imgui</Filter>
    </ClCompile>
    <ClCompile Include="..\vendor\src\imgui\imgui_widgets.cpp">
      <Filter>Source Files\imgui</Filter>
    </ClCompile>
    <ClCompile Include="..\vendor\src\imgui-sfml\imgui-SFML.cpp">
      <Filter>Source Files\imgui</Filter>
    </ClCompile>
    <ClCompile Include="src\Application.cpp">
      <Filter>Source Files\src</Filter>
    </ClCompile>
    <ClCompile Include="src\Board.cpp">
      <Filter>Source Files\src</Filter>
    </ClCompile>
    <ClCompile Include="src\Tile.cpp">
      <Filter>Source Files\src</Filter>
    </ClCompile>
    <ClCompile Include="..\vendor\src\implot\implot.cpp">
      <Filter>Source Files\imgui</Filter>
    </ClCompile>
    <ClCompile Include="..\vendor\src\implot\implot_items.cpp">
      <Filter>Source Files\imgui</Filter>
    </ClCompile>
    <ClCompile Include="src\Measurements\AsmMeasurer.cpp">
      <Filter>Source Files\Measurements</Filter>
    </ClCompile>
    <ClCompile Include="src\Measurements\CMeasurer.cpp">
      <Filter>Source Files\Measurements</Filter>
    </ClCompile>
    <ClCompile Include="src\Measurements\CppMeasurer.cpp">
      <Filter>Source Files\Measurements</Filter>
    </ClCompile>
    <ClCompile Include="src\Measurements\PerformanceMeasurer.cpp">
      <Filter>Source Files\Measurements</Filter>
    </ClCompile>
    <ClCompile Include="src\AnyArray.cpp">
      <Filter>Source Files\src</Filter>
    </ClCompile>
    <ClCompile Include="src\ImguiDisplay\StatisticDisplayer.cpp">
      <Filter>Source Files\ImguiDisplay</Filter>
    </ClCompile>
  </ItemGroup>
  <ItemGroup>
    <ClInclude Include="src\Application.h">
      <Filter>Header Files\src</Filter>
    </ClInclude>
    <ClInclude Include="src\Board.h">
      <Filter>Header Files\src</Filter>
    </ClInclude>
    <ClInclude Include="src\Tile.h">
      <Filter>Header Files\src</Filter>
    </ClInclude>
    <ClInclude Include="src\DllLoader.h">
      <Filter>Header Files\src</Filter>
    </ClInclude>
    <ClInclude Include="src\Measurements\AsmMeasurer.h">
      <Filter>Header Files\Measurements</Filter>
    </ClInclude>
    <ClInclude Include="src\Measurements\CMeasurer.h">
      <Filter>Header Files\Measurements</Filter>
    </ClInclude>
    <ClInclude Include="src\Measurements\CppMeasurer.h">
      <Filter>Header Files\Measurements</Filter>
    </ClInclude>
    <ClInclude Include="src\Measurements\PerformanceMeasurer.h">
      <Filter>Header Files\Measurements</Filter>
    </ClInclude>
    <ClInclude Include="src\AnyArray.h">
      <Filter>Header Files\src</Filter>
    </ClInclude>
    <ClInclude Include="src\ImguiDisplay\StatisticDisplayer.h">
      <Filter>Header Files\ImguiDisplay</Filter>
    </ClInclude>
    <ClInclude Include="src\Settings.h">
      <Filter>Header Files</Filter>
    </ClInclude>
  </ItemGroup>
</Project>