<?xml version="1.0" encoding="utf-8"?>
<Project ToolsVersion="4.0" xmlns="http://schemas.microsoft.com/developer/msbuild/2003">
  <ItemGroup>
    <Filter Include="Source Files">
      <UniqueIdentifier>{276fc963-fd7c-4e3b-b137-ee7f30f471a7}</UniqueIdentifier>
    </Filter>
    <Filter Include="Header Files">
      <UniqueIdentifier>{8d396e9f-5b10-4db8-948e-b9832f0efa57}</UniqueIdentifier>
    </Filter>
    <Filter Include="Header Files\Structures">
      <UniqueIdentifier>{017a4f3b-4a67-4adf-b634-7a48571083d2}</UniqueIdentifier>
    </Filter>
    <Filter Include="Source Files\Structures">
      <UniqueIdentifier>{7a2c1cec-e96b-4e09-a0bf-aaedb7ecd862}</UniqueIdentifier>
    </Filter>
  </ItemGroup>
  <ItemGroup>
    <ClCompile Include="src\Structures\Node.cpp">
      <Filter>Source Files\Structures</Filter>
    </ClCompile>
    <ClCompile Include="src\Structures\Vector.cpp">
      <Filter>Source Files\Structures</Filter>
    </ClCompile>
    <ClCompile Include="src\Structures\Vector2.cpp">
      <Filter>Source Files\Structures</Filter>
    </ClCompile>
    <ClCompile Include="src\Structures\Vector3.cpp">
      <Filter>Source Files\Structures</Filter>
    </ClCompile>
    <ClCompile Include="src\AStar.cpp">
      <Filter>Source Files</Filter>
    </ClCompile>
    <ClCompile Include="src\Board.cpp">
      <Filter>Source Files</Filter>
    </ClCompile>
  </ItemGroup>
  <ItemGroup>
    <ClInclude Include="src\Structures\Node.h">
      <Filter>Header Files\Structures</Filter>
    </ClInclude>
    <ClInclude Include="src\Structures\Vector.h">
      <Filter>Header Files\Structures</Filter>
    </ClInclude>
    <ClInclude Include="src\Structures\Vector2.h">
      <Filter>Header Files\Structures</Filter>
    </ClInclude>
    <ClInclude Include="src\Structures\Vector3.h">
      <Filter>Header Files\Structures</Filter>
    </ClInclude>
    <ClInclude Include="src\AStar.h">
      <Filter>Header Files</Filter>
    </ClInclude>
    <ClInclude Include="src\Board.h">
      <Filter>Header Files</Filter>
    </ClInclude>
  </ItemGroup>
</Project>